
Microsoft Visual Studio Solution File, Format Version 12.00
# Visual Studio Version 17
VisualStudioVersion = 17.0.31903.59
MinimumVisualStudioVersion = 10.0.40219.1
Project("{9A19103F-16F7-4668-BE54-9A1E7A4F7556}") = "StreamService", "src\StreamService\StreamService.csproj", "{234BA1EF-1135-4BC5-B7E4-A82CDE311340}"
EndProject
Project("{2150E333-8FDC-42A3-9474-1A3956D46DE8}") = "Solution Items", "Solution Items", "{4A98FBB9-5326-4C63-B6C0-1177273D75B6}"
	ProjectSection(SolutionItems) = preProject
		.dockerignore = .dockerignore
		.editorconfig = .editorconfig
		.gitignore = .gitignore
		Common.Configurations.targets = Common.Configurations.targets
		Dockerfile = Dockerfile
		main.yml = main.yml
		README.md = README.md
	EndProjectSection
EndProject
Project("{2150E333-8FDC-42A3-9474-1A3956D46DE8}") = "src", "src", "{40EEA052-150F-40CE-8F80-E09FF9F46059}"
EndProject
Project("{9A19103F-16F7-4668-BE54-9A1E7A4F7556}") = "StreamService.Models.Dto", "src\StreamService.Models.Dto\StreamService.Models.Dto.csproj", "{09E7AA2F-31AA-4979-AF86-D7642C7C79A0}"
EndProject
Project("{9A19103F-16F7-4668-BE54-9A1E7A4F7556}") = "StreamService.Broker", "src\StreamService.Broker\StreamService.Broker.csproj", "{64DE7940-2EF0-40CD-8944-530BFEA478C8}"
EndProject
Project("{9A19103F-16F7-4668-BE54-9A1E7A4F7556}") = "StreamService.Business", "src\StreamService.Business\StreamService.Business.csproj", "{EC23CA73-8F12-4024-95B7-B5B0AACBF86C}"
EndProject
Project("{9A19103F-16F7-4668-BE54-9A1E7A4F7556}") = "StreamService.Validation", "src\StreamService.Validation\StreamService.Validation.csproj", "{33A32CA0-4F4E-404F-89B4-694DDD767006}"
EndProject
Global
	GlobalSection(SolutionConfigurationPlatforms) = preSolution
		Debug|Any CPU = Debug|Any CPU
		Release|Any CPU = Release|Any CPU
	EndGlobalSection
	GlobalSection(ProjectConfigurationPlatforms) = postSolution
		{234BA1EF-1135-4BC5-B7E4-A82CDE311340}.Debug|Any CPU.ActiveCfg = Debug|Any CPU
		{234BA1EF-1135-4BC5-B7E4-A82CDE311340}.Debug|Any CPU.Build.0 = Debug|Any CPU
		{234BA1EF-1135-4BC5-B7E4-A82CDE311340}.Release|Any CPU.ActiveCfg = Release|Any CPU
		{234BA1EF-1135-4BC5-B7E4-A82CDE311340}.Release|Any CPU.Build.0 = Release|Any CPU
		{09E7AA2F-31AA-4979-AF86-D7642C7C79A0}.Debug|Any CPU.ActiveCfg = Debug|Any CPU
		{09E7AA2F-31AA-4979-AF86-D7642C7C79A0}.Debug|Any CPU.Build.0 = Debug|Any CPU
		{09E7AA2F-31AA-4979-AF86-D7642C7C79A0}.Release|Any CPU.ActiveCfg = Release|Any CPU
		{09E7AA2F-31AA-4979-AF86-D7642C7C79A0}.Release|Any CPU.Build.0 = Release|Any CPU
		{64DE7940-2EF0-40CD-8944-530BFEA478C8}.Debug|Any CPU.ActiveCfg = Debug|Any CPU
		{64DE7940-2EF0-40CD-8944-530BFEA478C8}.Debug|Any CPU.Build.0 = Debug|Any CPU
		{64DE7940-2EF0-40CD-8944-530BFEA478C8}.Release|Any CPU.ActiveCfg = Release|Any CPU
		{64DE7940-2EF0-40CD-8944-530BFEA478C8}.Release|Any CPU.Build.0 = Release|Any CPU
		{EC23CA73-8F12-4024-95B7-B5B0AACBF86C}.Debug|Any CPU.ActiveCfg = Debug|Any CPU
		{EC23CA73-8F12-4024-95B7-B5B0AACBF86C}.Debug|Any CPU.Build.0 = Debug|Any CPU
		{EC23CA73-8F12-4024-95B7-B5B0AACBF86C}.Release|Any CPU.ActiveCfg = Release|Any CPU
		{EC23CA73-8F12-4024-95B7-B5B0AACBF86C}.Release|Any CPU.Build.0 = Release|Any CPU
		{33A32CA0-4F4E-404F-89B4-694DDD767006}.Debug|Any CPU.ActiveCfg = Debug|Any CPU
		{33A32CA0-4F4E-404F-89B4-694DDD767006}.Debug|Any CPU.Build.0 = Debug|Any CPU
		{33A32CA0-4F4E-404F-89B4-694DDD767006}.Release|Any CPU.ActiveCfg = Release|Any CPU
		{33A32CA0-4F4E-404F-89B4-694DDD767006}.Release|Any CPU.Build.0 = Release|Any CPU
	EndGlobalSection
	GlobalSection(SolutionProperties) = preSolution
		HideSolutionNode = FALSE
	EndGlobalSection
	GlobalSection(NestedProjects) = preSolution
		{234BA1EF-1135-4BC5-B7E4-A82CDE311340} = {40EEA052-150F-40CE-8F80-E09FF9F46059}
		{09E7AA2F-31AA-4979-AF86-D7642C7C79A0} = {40EEA052-150F-40CE-8F80-E09FF9F46059}
		{64DE7940-2EF0-40CD-8944-530BFEA478C8} = {40EEA052-150F-40CE-8F80-E09FF9F46059}
		{EC23CA73-8F12-4024-95B7-B5B0AACBF86C} = {40EEA052-150F-40CE-8F80-E09FF9F46059}
		{33A32CA0-4F4E-404F-89B4-694DDD767006} = {40EEA052-150F-40CE-8F80-E09FF9F46059}
	EndGlobalSection
	GlobalSection(ExtensibilityGlobals) = postSolution
		SolutionGuid = {EB9821CF-8F54-4C95-B0EF-B73F35B7C77B}
	EndGlobalSection
EndGlobal
